// !$*UTF8*$!
{
	archiveVersion = 1;
	classes = {
	};
	objectVersion = 46;
	objects = {

/* Begin PBXBuildFile section */
		8358597D16A6ECB7008945C1 /* QuartzCore.framework in Frameworks */ = {isa = PBXBuildFile; fileRef = 8358597C16A6ECB7008945C1 /* QuartzCore.framework */; };
		8358597F16A6ECB7008945C1 /* OpenGLES.framework in Frameworks */ = {isa = PBXBuildFile; fileRef = 8358597E16A6ECB7008945C1 /* OpenGLES.framework */; };
		8358598116A6ECB7008945C1 /* OpenAL.framework in Frameworks */ = {isa = PBXBuildFile; fileRef = 8358598016A6ECB7008945C1 /* OpenAL.framework */; };
		8358598316A6ECB7008945C1 /* AudioToolbox.framework in Frameworks */ = {isa = PBXBuildFile; fileRef = 8358598216A6ECB7008945C1 /* AudioToolbox.framework */; };
		8358598516A6ECB7008945C1 /* AVFoundation.framework in Frameworks */ = {isa = PBXBuildFile; fileRef = 8358598416A6ECB7008945C1 /* AVFoundation.framework */; };
		8358598716A6ECB7008945C1 /* UIKit.framework in Frameworks */ = {isa = PBXBuildFile; fileRef = 8358598616A6ECB7008945C1 /* UIKit.framework */; };
		8358598916A6ECB7008945C1 /* Foundation.framework in Frameworks */ = {isa = PBXBuildFile; fileRef = 8358598816A6ECB7008945C1 /* Foundation.framework */; };
		8358598B16A6ECB7008945C1 /* CoreGraphics.framework in Frameworks */ = {isa = PBXBuildFile; fileRef = 8358598A16A6ECB7008945C1 /* CoreGraphics.framework */; };
		8358598D16A6ECB7008945C1 /* GameKit.framework in Frameworks */ = {isa = PBXBuildFile; fileRef = 8358598C16A6ECB7008945C1 /* GameKit.framework */; };
		8358599116A6ECB7008945C1 /* Default.png in Resources */ = {isa = PBXBuildFile; fileRef = 8358599016A6ECB7008945C1 /* Default.png */; };
		8358599316A6ECB7008945C1 /* Default@2x.png in Resources */ = {isa = PBXBuildFile; fileRef = 8358599216A6ECB7008945C1 /* Default@2x.png */; };
		8358599516A6ECB7008945C1 /* Default-568h@2x.png in Resources */ = {isa = PBXBuildFile; fileRef = 8358599416A6ECB7008945C1 /* Default-568h@2x.png */; };
		8358599716A6ECB7008945C1 /* Default-Landscape~ipad.png in Resources */ = {isa = PBXBuildFile; fileRef = 8358599616A6ECB7008945C1 /* Default-Landscape~ipad.png */; };
		8358599916A6ECB7008945C1 /* fps_images.png in Resources */ = {isa = PBXBuildFile; fileRef = 8358599816A6ECB7008945C1 /* fps_images.png */; };
		8358599B16A6ECB7008945C1 /* fps_images-hd.png in Resources */ = {isa = PBXBuildFile; fileRef = 8358599A16A6ECB7008945C1 /* fps_images-hd.png */; };
		8358599D16A6ECB7008945C1 /* fps_images-ipadhd.png in Resources */ = {isa = PBXBuildFile; fileRef = 8358599C16A6ECB7008945C1 /* fps_images-ipadhd.png */; };
		8358599F16A6ECB7008945C1 /* Icon-72.png in Resources */ = {isa = PBXBuildFile; fileRef = 8358599E16A6ECB7008945C1 /* Icon-72.png */; };
		835859A116A6ECB7008945C1 /* Icon-Small-50.png in Resources */ = {isa = PBXBuildFile; fileRef = 835859A016A6ECB7008945C1 /* Icon-Small-50.png */; };
		835859A316A6ECB7008945C1 /* Icon-Small.png in Resources */ = {isa = PBXBuildFile; fileRef = 835859A216A6ECB7008945C1 /* Icon-Small.png */; };
		835859A516A6ECB7008945C1 /* Icon-Small@2x.png in Resources */ = {isa = PBXBuildFile; fileRef = 835859A416A6ECB7008945C1 /* Icon-Small@2x.png */; };
		835859A716A6ECB7008945C1 /* Icon.png in Resources */ = {isa = PBXBuildFile; fileRef = 835859A616A6ECB7008945C1 /* Icon.png */; };
		835859A916A6ECB7008945C1 /* Icon@2x.png in Resources */ = {isa = PBXBuildFile; fileRef = 835859A816A6ECB7008945C1 /* Icon@2x.png */; };
		835859AC16A6ECB7008945C1 /* iTunesArtwork in Resources */ = {isa = PBXBuildFile; fileRef = 835859AB16A6ECB7008945C1 /* iTunesArtwork */; };
		83585B1716A6ECBA008945C1 /* main.m in Sources */ = {isa = PBXBuildFile; fileRef = 83585B1616A6ECBA008945C1 /* main.m */; };
		83585B1A16A6ECBA008945C1 /* AppDelegate.m in Sources */ = {isa = PBXBuildFile; fileRef = 83585B1916A6ECBA008945C1 /* AppDelegate.m */; };
		83585B1D16A6ECBA008945C1 /* HelloWorldLayer.m in Sources */ = {isa = PBXBuildFile; fileRef = 83585B1C16A6ECBA008945C1 /* HelloWorldLayer.m */; };
		83585B2016A6ECBA008945C1 /* IntroLayer.m in Sources */ = {isa = PBXBuildFile; fileRef = 83585B1F16A6ECBA008945C1 /* IntroLayer.m */; };
		83585B3516A6F10B008945C1 /* CZGPolygonLayer.m in Sources */ = {isa = PBXBuildFile; fileRef = 83585B3416A6F10B008945C1 /* CZGPolygonLayer.m */; settings = {COMPILER_FLAGS = "-fobjc-arc"; }; };
		AF52E4AB2B7B44FFB1B48AAF /* libPods.a in Frameworks */ = {isa = PBXBuildFile; fileRef = EFED03DB312341DF9423C0EF /* libPods.a */; };
/* End PBXBuildFile section */

/* Begin PBXFileReference section */
		8358597816A6ECB7008945C1 /* CZGPolygonLayerExample.app */ = {isa = PBXFileReference; explicitFileType = wrapper.application; includeInIndex = 0; path = CZGPolygonLayerExample.app; sourceTree = BUILT_PRODUCTS_DIR; };
		8358597C16A6ECB7008945C1 /* QuartzCore.framework */ = {isa = PBXFileReference; lastKnownFileType = wrapper.framework; name = QuartzCore.framework; path = System/Library/Frameworks/QuartzCore.framework; sourceTree = SDKROOT; };
		8358597E16A6ECB7008945C1 /* OpenGLES.framework */ = {isa = PBXFileReference; lastKnownFileType = wrapper.framework; name = OpenGLES.framework; path = System/Library/Frameworks/OpenGLES.framework; sourceTree = SDKROOT; };
		8358598016A6ECB7008945C1 /* OpenAL.framework */ = {isa = PBXFileReference; lastKnownFileType = wrapper.framework; name = OpenAL.framework; path = System/Library/Frameworks/OpenAL.framework; sourceTree = SDKROOT; };
		8358598216A6ECB7008945C1 /* AudioToolbox.framework */ = {isa = PBXFileReference; lastKnownFileType = wrapper.framework; name = AudioToolbox.framework; path = System/Library/Frameworks/AudioToolbox.framework; sourceTree = SDKROOT; };
		8358598416A6ECB7008945C1 /* AVFoundation.framework */ = {isa = PBXFileReference; lastKnownFileType = wrapper.framework; name = AVFoundation.framework; path = System/Library/Frameworks/AVFoundation.framework; sourceTree = SDKROOT; };
		8358598616A6ECB7008945C1 /* UIKit.framework */ = {isa = PBXFileReference; lastKnownFileType = wrapper.framework; name = UIKit.framework; path = System/Library/Frameworks/UIKit.framework; sourceTree = SDKROOT; };
		8358598816A6ECB7008945C1 /* Foundation.framework */ = {isa = PBXFileReference; lastKnownFileType = wrapper.framework; name = Foundation.framework; path = System/Library/Frameworks/Foundation.framework; sourceTree = SDKROOT; };
		8358598A16A6ECB7008945C1 /* CoreGraphics.framework */ = {isa = PBXFileReference; lastKnownFileType = wrapper.framework; name = CoreGraphics.framework; path = System/Library/Frameworks/CoreGraphics.framework; sourceTree = SDKROOT; };
		8358598C16A6ECB7008945C1 /* GameKit.framework */ = {isa = PBXFileReference; lastKnownFileType = wrapper.framework; name = GameKit.framework; path = System/Library/Frameworks/GameKit.framework; sourceTree = SDKROOT; };
		8358599016A6ECB7008945C1 /* Default.png */ = {isa = PBXFileReference; lastKnownFileType = image.png; name = Default.png; path = Resources/Default.png; sourceTree = "<group>"; };
		8358599216A6ECB7008945C1 /* Default@2x.png */ = {isa = PBXFileReference; lastKnownFileType = image.png; name = "Default@2x.png"; path = "Resources/Default@2x.png"; sourceTree = "<group>"; };
		8358599416A6ECB7008945C1 /* Default-568h@2x.png */ = {isa = PBXFileReference; lastKnownFileType = image.png; name = "Default-568h@2x.png"; path = "Resources/Default-568h@2x.png"; sourceTree = "<group>"; };
		8358599616A6ECB7008945C1 /* Default-Landscape~ipad.png */ = {isa = PBXFileReference; lastKnownFileType = image.png; name = "Default-Landscape~ipad.png"; path = "Resources/Default-Landscape~ipad.png"; sourceTree = "<group>"; };
		8358599816A6ECB7008945C1 /* fps_images.png */ = {isa = PBXFileReference; lastKnownFileType = image.png; name = fps_images.png; path = Resources/fps_images.png; sourceTree = "<group>"; };
		8358599A16A6ECB7008945C1 /* fps_images-hd.png */ = {isa = PBXFileReference; lastKnownFileType = image.png; name = "fps_images-hd.png"; path = "Resources/fps_images-hd.png"; sourceTree = "<group>"; };
		8358599C16A6ECB7008945C1 /* fps_images-ipadhd.png */ = {isa = PBXFileReference; lastKnownFileType = image.png; name = "fps_images-ipadhd.png"; path = "Resources/fps_images-ipadhd.png"; sourceTree = "<group>"; };
		8358599E16A6ECB7008945C1 /* Icon-72.png */ = {isa = PBXFileReference; lastKnownFileType = image.png; name = "Icon-72.png"; path = "Resources/Icon-72.png"; sourceTree = "<group>"; };
		835859A016A6ECB7008945C1 /* Icon-Small-50.png */ = {isa = PBXFileReference; lastKnownFileType = image.png; name = "Icon-Small-50.png"; path = "Resources/Icon-Small-50.png"; sourceTree = "<group>"; };
		835859A216A6ECB7008945C1 /* Icon-Small.png */ = {isa = PBXFileReference; lastKnownFileType = image.png; name = "Icon-Small.png"; path = "Resources/Icon-Small.png"; sourceTree = "<group>"; };
		835859A416A6ECB7008945C1 /* Icon-Small@2x.png */ = {isa = PBXFileReference; lastKnownFileType = image.png; name = "Icon-Small@2x.png"; path = "Resources/Icon-Small@2x.png"; sourceTree = "<group>"; };
		835859A616A6ECB7008945C1 /* Icon.png */ = {isa = PBXFileReference; lastKnownFileType = image.png; name = Icon.png; path = Resources/Icon.png; sourceTree = "<group>"; };
		835859A816A6ECB7008945C1 /* Icon@2x.png */ = {isa = PBXFileReference; lastKnownFileType = image.png; name = "Icon@2x.png"; path = "Resources/Icon@2x.png"; sourceTree = "<group>"; };
		835859AA16A6ECB7008945C1 /* Info.plist */ = {isa = PBXFileReference; lastKnownFileType = text.plist.xml; name = Info.plist; path = Resources/Info.plist; sourceTree = "<group>"; };
		835859AB16A6ECB7008945C1 /* iTunesArtwork */ = {isa = PBXFileReference; lastKnownFileType = file; name = iTunesArtwork; path = Resources/iTunesArtwork; sourceTree = "<group>"; };
		83585B1516A6ECBA008945C1 /* Prefix.pch */ = {isa = PBXFileReference; lastKnownFileType = sourcecode.c.h; path = Prefix.pch; sourceTree = "<group>"; };
		83585B1616A6ECBA008945C1 /* main.m */ = {isa = PBXFileReference; lastKnownFileType = sourcecode.c.objc; path = main.m; sourceTree = "<group>"; };
		83585B1816A6ECBA008945C1 /* AppDelegate.h */ = {isa = PBXFileReference; lastKnownFileType = sourcecode.c.h; path = AppDelegate.h; sourceTree = "<group>"; };
		83585B1916A6ECBA008945C1 /* AppDelegate.m */ = {isa = PBXFileReference; lastKnownFileType = sourcecode.c.objc; path = AppDelegate.m; sourceTree = "<group>"; };
		83585B1B16A6ECBA008945C1 /* HelloWorldLayer.h */ = {isa = PBXFileReference; lastKnownFileType = sourcecode.c.h; path = HelloWorldLayer.h; sourceTree = "<group>"; };
		83585B1C16A6ECBA008945C1 /* HelloWorldLayer.m */ = {isa = PBXFileReference; lastKnownFileType = sourcecode.c.objc; path = HelloWorldLayer.m; sourceTree = "<group>"; };
		83585B1E16A6ECBA008945C1 /* IntroLayer.h */ = {isa = PBXFileReference; lastKnownFileType = sourcecode.c.h; path = IntroLayer.h; sourceTree = "<group>"; };
		83585B1F16A6ECBA008945C1 /* IntroLayer.m */ = {isa = PBXFileReference; lastKnownFileType = sourcecode.c.objc; path = IntroLayer.m; sourceTree = "<group>"; };
		83585B3316A6F10B008945C1 /* CZGPolygonLayer.h */ = {isa = PBXFileReference; fileEncoding = 4; lastKnownFileType = sourcecode.c.h; path = CZGPolygonLayer.h; sourceTree = "<group>"; };
		83585B3416A6F10B008945C1 /* CZGPolygonLayer.m */ = {isa = PBXFileReference; fileEncoding = 4; lastKnownFileType = sourcecode.c.objc; path = CZGPolygonLayer.m; sourceTree = "<group>"; };
		C3683F7A0C5141799E198312 /* Pods.xcconfig */ = {isa = PBXFileReference; includeInIndex = 1; lastKnownFileType = text.xcconfig; name = Pods.xcconfig; path = Pods/Pods.xcconfig; sourceTree = SOURCE_ROOT; };
		EFED03DB312341DF9423C0EF /* libPods.a */ = {isa = PBXFileReference; explicitFileType = archive.ar; includeInIndex = 0; path = libPods.a; sourceTree = BUILT_PRODUCTS_DIR; };
/* End PBXFileReference section */

/* Begin PBXFrameworksBuildPhase section */
		8358597516A6ECB7008945C1 /* Frameworks */ = {
			isa = PBXFrameworksBuildPhase;
			buildActionMask = 2147483647;
			files = (
				8358597D16A6ECB7008945C1 /* QuartzCore.framework in Frameworks */,
				8358597F16A6ECB7008945C1 /* OpenGLES.framework in Frameworks */,
				8358598116A6ECB7008945C1 /* OpenAL.framework in Frameworks */,
				8358598316A6ECB7008945C1 /* AudioToolbox.framework in Frameworks */,
				8358598516A6ECB7008945C1 /* AVFoundation.framework in Frameworks */,
				8358598716A6ECB7008945C1 /* UIKit.framework in Frameworks */,
				8358598916A6ECB7008945C1 /* Foundation.framework in Frameworks */,
				8358598B16A6ECB7008945C1 /* CoreGraphics.framework in Frameworks */,
				8358598D16A6ECB7008945C1 /* GameKit.framework in Frameworks */,
				AF52E4AB2B7B44FFB1B48AAF /* libPods.a in Frameworks */,
			);
			runOnlyForDeploymentPostprocessing = 0;
		};
/* End PBXFrameworksBuildPhase section */

/* Begin PBXGroup section */
		8358596D16A6ECB7008945C1 = {
			isa = PBXGroup;
			children = (
				83585B3216A6F10B008945C1 /* Classes */,
				8358598E16A6ECB7008945C1 /* CZGPolygonLayerExample */,
				8358597B16A6ECB7008945C1 /* Frameworks */,
				8358597916A6ECB7008945C1 /* Products */,
				C3683F7A0C5141799E198312 /* Pods.xcconfig */,
			);
			sourceTree = "<group>";
		};
		8358597916A6ECB7008945C1 /* Products */ = {
			isa = PBXGroup;
			children = (
				8358597816A6ECB7008945C1 /* CZGPolygonLayerExample.app */,
			);
			name = Products;
			sourceTree = "<group>";
		};
		8358597B16A6ECB7008945C1 /* Frameworks */ = {
			isa = PBXGroup;
			children = (
				8358597C16A6ECB7008945C1 /* QuartzCore.framework */,
				8358597E16A6ECB7008945C1 /* OpenGLES.framework */,
				8358598016A6ECB7008945C1 /* OpenAL.framework */,
				8358598216A6ECB7008945C1 /* AudioToolbox.framework */,
				8358598416A6ECB7008945C1 /* AVFoundation.framework */,
				8358598616A6ECB7008945C1 /* UIKit.framework */,
				8358598816A6ECB7008945C1 /* Foundation.framework */,
				8358598A16A6ECB7008945C1 /* CoreGraphics.framework */,
				8358598C16A6ECB7008945C1 /* GameKit.framework */,
				EFED03DB312341DF9423C0EF /* libPods.a */,
			);
			name = Frameworks;
			sourceTree = "<group>";
		};
		8358598E16A6ECB7008945C1 /* CZGPolygonLayerExample */ = {
			isa = PBXGroup;
			children = (
				83585B1816A6ECBA008945C1 /* AppDelegate.h */,
				83585B1916A6ECBA008945C1 /* AppDelegate.m */,
				83585B1B16A6ECBA008945C1 /* HelloWorldLayer.h */,
				83585B1C16A6ECBA008945C1 /* HelloWorldLayer.m */,
				83585B1E16A6ECBA008945C1 /* IntroLayer.h */,
				83585B1F16A6ECBA008945C1 /* IntroLayer.m */,
				8358598F16A6ECB7008945C1 /* Resources */,
				83585B1416A6ECBA008945C1 /* Supporting Files */,
			);
			path = CZGPolygonLayerExample;
			sourceTree = "<group>";
		};
		8358598F16A6ECB7008945C1 /* Resources */ = {
			isa = PBXGroup;
			children = (
				8358599016A6ECB7008945C1 /* Default.png */,
				8358599216A6ECB7008945C1 /* Default@2x.png */,
				8358599416A6ECB7008945C1 /* Default-568h@2x.png */,
				8358599616A6ECB7008945C1 /* Default-Landscape~ipad.png */,
				8358599816A6ECB7008945C1 /* fps_images.png */,
				8358599A16A6ECB7008945C1 /* fps_images-hd.png */,
				8358599C16A6ECB7008945C1 /* fps_images-ipadhd.png */,
				8358599E16A6ECB7008945C1 /* Icon-72.png */,
				835859A016A6ECB7008945C1 /* Icon-Small-50.png */,
				835859A216A6ECB7008945C1 /* Icon-Small.png */,
				835859A416A6ECB7008945C1 /* Icon-Small@2x.png */,
				835859A616A6ECB7008945C1 /* Icon.png */,
				835859A816A6ECB7008945C1 /* Icon@2x.png */,
				835859AA16A6ECB7008945C1 /* Info.plist */,
				835859AB16A6ECB7008945C1 /* iTunesArtwork */,
			);
			name = Resources;
			sourceTree = "<group>";
		};
		83585B1416A6ECBA008945C1 /* Supporting Files */ = {
			isa = PBXGroup;
			children = (
				83585B1516A6ECBA008945C1 /* Prefix.pch */,
				83585B1616A6ECBA008945C1 /* main.m */,
			);
			name = "Supporting Files";
			sourceTree = "<group>";
		};
		83585B3216A6F10B008945C1 /* Classes */ = {
			isa = PBXGroup;
			children = (
				83585B3316A6F10B008945C1 /* CZGPolygonLayer.h */,
				83585B3416A6F10B008945C1 /* CZGPolygonLayer.m */,
			);
			name = Classes;
			path = ../Classes;
			sourceTree = "<group>";
		};
/* End PBXGroup section */

/* Begin PBXNativeTarget section */
		8358597716A6ECB7008945C1 /* CZGPolygonLayerExample */ = {
			isa = PBXNativeTarget;
			buildConfigurationList = 83585B2316A6ECBA008945C1 /* Build configuration list for PBXNativeTarget "CZGPolygonLayerExample" */;
			buildPhases = (
				8358597416A6ECB7008945C1 /* Sources */,
				8358597516A6ECB7008945C1 /* Frameworks */,
				8358597616A6ECB7008945C1 /* Resources */,
				7D1E63CCA0CE4192B706B644 /* Copy Pods Resources */,
			);
			buildRules = (
			);
			dependencies = (
			);
			name = CZGPolygonLayerExample;
			productName = CZGPolygonLayerExample;
			productReference = 8358597816A6ECB7008945C1 /* CZGPolygonLayerExample.app */;
			productType = "com.apple.product-type.application";
		};
/* End PBXNativeTarget section */

/* Begin PBXProject section */
		8358596F16A6ECB7008945C1 /* Project object */ = {
			isa = PBXProject;
			attributes = {
				LastUpgradeCheck = 0450;
				ORGANIZATIONNAME = ZWorkbench;
			};
			buildConfigurationList = 8358597216A6ECB7008945C1 /* Build configuration list for PBXProject "CZGPolygonLayerExample" */;
			compatibilityVersion = "Xcode 3.2";
			developmentRegion = English;
			hasScannedForEncodings = 0;
			knownRegions = (
				en,
			);
			mainGroup = 8358596D16A6ECB7008945C1;
			productRefGroup = 8358597916A6ECB7008945C1 /* Products */;
			projectDirPath = "";
			projectRoot = "";
			targets = (
				8358597716A6ECB7008945C1 /* CZGPolygonLayerExample */,
			);
		};
/* End PBXProject section */

/* Begin PBXResourcesBuildPhase section */
		8358597616A6ECB7008945C1 /* Resources */ = {
			isa = PBXResourcesBuildPhase;
			buildActionMask = 2147483647;
			files = (
				8358599116A6ECB7008945C1 /* Default.png in Resources */,
				8358599316A6ECB7008945C1 /* Default@2x.png in Resources */,
				8358599516A6ECB7008945C1 /* Default-568h@2x.png in Resources */,
				8358599716A6ECB7008945C1 /* Default-Landscape~ipad.png in Resources */,
				8358599916A6ECB7008945C1 /* fps_images.png in Resources */,
				8358599B16A6ECB7008945C1 /* fps_images-hd.png in Resources */,
				8358599D16A6ECB7008945C1 /* fps_images-ipadhd.png in Resources */,
				8358599F16A6ECB7008945C1 /* Icon-72.png in Resources */,
				835859A116A6ECB7008945C1 /* Icon-Small-50.png in Resources */,
				835859A316A6ECB7008945C1 /* Icon-Small.png in Resources */,
				835859A516A6ECB7008945C1 /* Icon-Small@2x.png in Resources */,
				835859A716A6ECB7008945C1 /* Icon.png in Resources */,
				835859A916A6ECB7008945C1 /* Icon@2x.png in Resources */,
				835859AC16A6ECB7008945C1 /* iTunesArtwork in Resources */,
			);
			runOnlyForDeploymentPostprocessing = 0;
		};
/* End PBXResourcesBuildPhase section */

/* Begin PBXShellScriptBuildPhase section */
		7D1E63CCA0CE4192B706B644 /* Copy Pods Resources */ = {
			isa = PBXShellScriptBuildPhase;
			buildActionMask = 2147483647;
			files = (
			);
			inputPaths = (
			);
			name = "Copy Pods Resources";
			outputPaths = (
			);
			runOnlyForDeploymentPostprocessing = 0;
			shellPath = /bin/sh;
			shellScript = "\"${SRCROOT}/Pods/Pods-resources.sh\"\n";
		};
/* End PBXShellScriptBuildPhase section */

/* Begin PBXSourcesBuildPhase section */
		8358597416A6ECB7008945C1 /* Sources */ = {
			isa = PBXSourcesBuildPhase;
			buildActionMask = 2147483647;
			files = (
				83585B1716A6ECBA008945C1 /* main.m in Sources */,
				83585B1A16A6ECBA008945C1 /* AppDelegate.m in Sources */,
				83585B1D16A6ECBA008945C1 /* HelloWorldLayer.m in Sources */,
				83585B2016A6ECBA008945C1 /* IntroLayer.m in Sources */,
				83585B3516A6F10B008945C1 /* CZGPolygonLayer.m in Sources */,
			);
			runOnlyForDeploymentPostprocessing = 0;
		};
/* End PBXSourcesBuildPhase section */

/* Begin XCBuildConfiguration section */
		83585B2116A6ECBA008945C1 /* Debug */ = {
			isa = XCBuildConfiguration;
			buildSettings = {
				ARCHS = "$(ARCHS_STANDARD_32_BIT)";
				"CODE_SIGN_IDENTITY[sdk=iphoneos*]" = "iPhone Developer";
				GCC_C_LANGUAGE_STANDARD = gnu99;
				GCC_OPTIMIZATION_LEVEL = 0;
				GCC_PREPROCESSOR_DEFINITIONS = (
					DEBUG,
					"COCOS2D_DEBUG=1",
				);
				GCC_SYMBOLS_PRIVATE_EXTERN = NO;
				GCC_VERSION = com.apple.compilers.llvm.clang.1_0;
				GCC_WARN_ABOUT_RETURN_TYPE = YES;
				GCC_WARN_UNUSED_VARIABLE = YES;
				IPHONEOS_DEPLOYMENT_TARGET = 4.0;
				SDKROOT = iphoneos;
				TARGETED_DEVICE_FAMILY = "1,2";
			};
			name = Debug;
		};
		83585B2216A6ECBA008945C1 /* Release */ = {
			isa = XCBuildConfiguration;
			buildSettings = {
				ARCHS = "$(ARCHS_STANDARD_32_BIT)";
				"CODE_SIGN_IDENTITY[sdk=iphoneos*]" = "iPhone Developer";
				GCC_C_LANGUAGE_STANDARD = gnu99;
				GCC_PREPROCESSOR_DEFINITIONS = (
					NDEBUG,
					"NS_BLOCK_ASSERTIONS=1",
				);
				GCC_VERSION = com.apple.compilers.llvm.clang.1_0;
				GCC_WARN_ABOUT_RETURN_TYPE = YES;
				GCC_WARN_UNUSED_VARIABLE = YES;
				IPHONEOS_DEPLOYMENT_TARGET = 4.0;
				SDKROOT = iphoneos;
				TARGETED_DEVICE_FAMILY = "1,2";
			};
			name = Release;
		};
		83585B2416A6ECBA008945C1 /* Debug */ = {
			isa = XCBuildConfiguration;
			baseConfigurationReference = C3683F7A0C5141799E198312 /* Pods.xcconfig */;
			buildSettings = {
				COPY_PHASE_STRIP = NO;
				GCC_DYNAMIC_NO_PIC = NO;
				GCC_PRECOMPILE_PREFIX_HEADER = YES;
				GCC_PREFIX_HEADER = CZGPolygonLayerExample/Prefix.pch;
				INFOPLIST_FILE = CZGPolygonLayerExample/Resources/Info.plist;
				PRODUCT_NAME = "$(TARGET_NAME)";
				WRAPPER_EXTENSION = app;
			};
			name = Debug;
		};
		83585B2516A6ECBA008945C1 /* Release */ = {
			isa = XCBuildConfiguration;
			baseConfigurationReference = C3683F7A0C5141799E198312 /* Pods.xcconfig */;
			buildSettings = {
				COPY_PHASE_STRIP = YES;
				GCC_PRECOMPILE_PREFIX_HEADER = YES;
				GCC_PREFIX_HEADER = CZGPolygonLayerExample/Prefix.pch;
				INFOPLIST_FILE = CZGPolygonLayerExample/Resources/Info.plist;
				PRODUCT_NAME = "$(TARGET_NAME)";
				VALIDATE_PRODUCT = YES;
				WRAPPER_EXTENSION = app;
			};
			name = Release;
		};
/* End XCBuildConfiguration section */

/* Begin XCConfigurationList section */
		8358597216A6ECB7008945C1 /* Build configuration list for PBXProject "CZGPolygonLayerExample" */ = {
			isa = XCConfigurationList;
			buildConfigurations = (
				83585B2116A6ECBA008945C1 /* Debug */,
				83585B2216A6ECBA008945C1 /* Release */,
			);
			defaultConfigurationIsVisible = 0;
			defaultConfigurationName = Release;
		};
		83585B2316A6ECBA008945C1 /* Build configuration list for PBXNativeTarget "CZGPolygonLayerExample" */ = {
			isa = XCConfigurationList;
			buildConfigurations = (
				83585B2416A6ECBA008945C1 /* Debug */,
				83585B2516A6ECBA008945C1 /* Release */,
			);
			defaultConfigurationIsVisible = 0;
			defaultConfigurationName = Release;
		};
/* End XCConfigurationList section */
	};
	rootObject = 8358596F16A6ECB7008945C1 /* Project object */;
}
